
Microsoft Visual Studio Solution File, Format Version 12.00
# Visual Studio Version 17
VisualStudioVersion = 17.14.36327.8 d17.14
MinimumVisualStudioVersion = 10.0.40219.1
Project("{FAE04EC0-301F-11D3-BF4B-00C04F79EFBC}") = "RazorEmployCore", "RazorEmployCore\RazorEmployCore.csproj", "{4705724C-7188-4292-86B2-D7CC02659B59}"
EndProject
Global
	GlobalSection(SolutionConfigurationPlatforms) = preSolution
		Debug|Any CPU = Debug|Any CPU
		Release|Any CPU = Release|Any CPU
	EndGlobalSection
	GlobalSection(ProjectConfigurationPlatforms) = postSolution
		{4705724C-7188-4292-86B2-D7CC02659B59}.Debug|Any CPU.ActiveCfg = Debug|Any CPU
		{4705724C-7188-4292-86B2-D7CC02659B59}.Debug|Any CPU.Build.0 = Debug|Any CPU
		{4705724C-7188-4292-86B2-D7CC02659B59}.Release|Any CPU.ActiveCfg = Release|Any CPU
		{4705724C-7188-4292-86B2-D7CC02659B59}.Release|Any CPU.Build.0 = Release|Any CPU
	EndGlobalSection
	GlobalSection(SolutionProperties) = preSolution
		HideSolutionNode = FALSE
	EndGlobalSection
	GlobalSection(ExtensibilityGlobals) = postSolution
		SolutionGuid = {215B09F2-C70A-4679-9594-AF57C610D3B7}
	EndGlobalSection
EndGlobal
