
Microsoft Visual Studio Solution File, Format Version 12.00
# Visual Studio Version 17
VisualStudioVersion = 17.14.36327.8 d17.14
MinimumVisualStudioVersion = 10.0.40219.1
Project("{FAE04EC0-301F-11D3-BF4B-00C04F79EFBC}") = "DipWithout", "DipWithout\DipWithout.csproj", "{1BDE6118-B2F0-42D4-A6B9-1C2253613ADB}"
EndProject
Global
	GlobalSection(SolutionConfigurationPlatforms) = preSolution
		Debug|Any CPU = Debug|Any CPU
		Release|Any CPU = Release|Any CPU
	EndGlobalSection
	GlobalSection(ProjectConfigurationPlatforms) = postSolution
		{1BDE6118-B2F0-42D4-A6B9-1C2253613ADB}.Debug|Any CPU.ActiveCfg = Debug|Any CPU
		{1BDE6118-B2F0-42D4-A6B9-1C2253613ADB}.Debug|Any CPU.Build.0 = Debug|Any CPU
		{1BDE6118-B2F0-42D4-A6B9-1C2253613ADB}.Release|Any CPU.ActiveCfg = Release|Any CPU
		{1BDE6118-B2F0-42D4-A6B9-1C2253613ADB}.Release|Any CPU.Build.0 = Release|Any CPU
	EndGlobalSection
	GlobalSection(SolutionProperties) = preSolution
		HideSolutionNode = FALSE
	EndGlobalSection
	GlobalSection(ExtensibilityGlobals) = postSolution
		SolutionGuid = {48ACEF26-A7FC-43D8-B9AA-469C083A339B}
	EndGlobalSection
EndGlobal
