
Microsoft Visual Studio Solution File, Format Version 12.00
# Visual Studio Version 17
VisualStudioVersion = 17.14.36310.24 d17.14
MinimumVisualStudioVersion = 10.0.40219.1
Project("{FAE04EC0-301F-11D3-BF4B-00C04F79EFBC}") = "ConsoleApp2", "ConsoleApp2.csproj", "{B25F53D7-BA88-4DFB-A3E1-5168A547F7F8}"
EndProject
Global
	GlobalSection(SolutionConfigurationPlatforms) = preSolution
		Debug|Any CPU = Debug|Any CPU
		Release|Any CPU = Release|Any CPU
	EndGlobalSection
	GlobalSection(ProjectConfigurationPlatforms) = postSolution
		{B25F53D7-BA88-4DFB-A3E1-5168A547F7F8}.Debug|Any CPU.ActiveCfg = Debug|Any CPU
		{B25F53D7-BA88-4DFB-A3E1-5168A547F7F8}.Debug|Any CPU.Build.0 = Debug|Any CPU
		{B25F53D7-BA88-4DFB-A3E1-5168A547F7F8}.Release|Any CPU.ActiveCfg = Release|Any CPU
		{B25F53D7-BA88-4DFB-A3E1-5168A547F7F8}.Release|Any CPU.Build.0 = Release|Any CPU
	EndGlobalSection
	GlobalSection(SolutionProperties) = preSolution
		HideSolutionNode = FALSE
	EndGlobalSection
	GlobalSection(ExtensibilityGlobals) = postSolution
		SolutionGuid = {D6D1D1F1-8D7E-4504-8697-041094F69797}
	EndGlobalSection
EndGlobal
