
Microsoft Visual Studio Solution File, Format Version 12.00
# Visual Studio Version 17
VisualStudioVersion = 17.14.36327.8 d17.14
MinimumVisualStudioVersion = 10.0.40219.1
Project("{FAE04EC0-301F-11D3-BF4B-00C04F79EFBC}") = "CustomerProject", "CustomerProject\CustomerProject.csproj", "{35515644-EFC9-4F17-B3A2-C8B0CC434F4B}"
EndProject
Global
	GlobalSection(SolutionConfigurationPlatforms) = preSolution
		Debug|Any CPU = Debug|Any CPU
		Release|Any CPU = Release|Any CPU
	EndGlobalSection
	GlobalSection(ProjectConfigurationPlatforms) = postSolution
		{35515644-EFC9-4F17-B3A2-C8B0CC434F4B}.Debug|Any CPU.ActiveCfg = Debug|Any CPU
		{35515644-EFC9-4F17-B3A2-C8B0CC434F4B}.Debug|Any CPU.Build.0 = Debug|Any CPU
		{35515644-EFC9-4F17-B3A2-C8B0CC434F4B}.Release|Any CPU.ActiveCfg = Release|Any CPU
		{35515644-EFC9-4F17-B3A2-C8B0CC434F4B}.Release|Any CPU.Build.0 = Release|Any CPU
	EndGlobalSection
	GlobalSection(SolutionProperties) = preSolution
		HideSolutionNode = FALSE
	EndGlobalSection
	GlobalSection(ExtensibilityGlobals) = postSolution
		SolutionGuid = {5D27BBD2-6E51-4AA8-AA00-0B68440E7F86}
	EndGlobalSection
EndGlobal
