
Microsoft Visual Studio Solution File, Format Version 12.00
# Visual Studio Version 17
VisualStudioVersion = 17.14.36310.24 d17.14
MinimumVisualStudioVersion = 10.0.40219.1
Project("{FAE04EC0-301F-11D3-BF4B-00C04F79EFBC}") = "NullabaleTypes", "NullabaleTypes\NullabaleTypes.csproj", "{CF789674-7E09-4709-9BC9-C9D89A66A28B}"
EndProject
Global
	GlobalSection(SolutionConfigurationPlatforms) = preSolution
		Debug|Any CPU = Debug|Any CPU
		Release|Any CPU = Release|Any CPU
	EndGlobalSection
	GlobalSection(ProjectConfigurationPlatforms) = postSolution
		{CF789674-7E09-4709-9BC9-C9D89A66A28B}.Debug|Any CPU.ActiveCfg = Debug|Any CPU
		{CF789674-7E09-4709-9BC9-C9D89A66A28B}.Debug|Any CPU.Build.0 = Debug|Any CPU
		{CF789674-7E09-4709-9BC9-C9D89A66A28B}.Release|Any CPU.ActiveCfg = Release|Any CPU
		{CF789674-7E09-4709-9BC9-C9D89A66A28B}.Release|Any CPU.Build.0 = Release|Any CPU
	EndGlobalSection
	GlobalSection(SolutionProperties) = preSolution
		HideSolutionNode = FALSE
	EndGlobalSection
	GlobalSection(ExtensibilityGlobals) = postSolution
		SolutionGuid = {7262305B-4137-4964-8D57-9E9382C179AE}
	EndGlobalSection
EndGlobal
