
Microsoft Visual Studio Solution File, Format Version 12.00
# Visual Studio Version 17
VisualStudioVersion = 17.14.36327.8
MinimumVisualStudioVersion = 10.0.40219.1
Project("{FAE04EC0-301F-11D3-BF4B-00C04F79EFBC}") = "Secure_And_Reliable", "Secure_And_Reliable\Secure_And_Reliable.csproj", "{9CDDDEE4-AE97-4622-9B97-6C5046842431}"
EndProject
Project("{FAE04EC0-301F-11D3-BF4B-00C04F79EFBC}") = "SecureAndReliableTest", "..\SecureAndReliableTest\SecureAndReliableTest.csproj", "{F7C0A4AF-7973-4517-88B6-EF12D91F521E}"
EndProject
Global
	GlobalSection(SolutionConfigurationPlatforms) = preSolution
		Debug|Any CPU = Debug|Any CPU
		Release|Any CPU = Release|Any CPU
	EndGlobalSection
	GlobalSection(ProjectConfigurationPlatforms) = postSolution
		{9CDDDEE4-AE97-4622-9B97-6C5046842431}.Debug|Any CPU.ActiveCfg = Debug|Any CPU
		{9CDDDEE4-AE97-4622-9B97-6C5046842431}.Debug|Any CPU.Build.0 = Debug|Any CPU
		{9CDDDEE4-AE97-4622-9B97-6C5046842431}.Release|Any CPU.ActiveCfg = Release|Any CPU
		{9CDDDEE4-AE97-4622-9B97-6C5046842431}.Release|Any CPU.Build.0 = Release|Any CPU
		{F7C0A4AF-7973-4517-88B6-EF12D91F521E}.Debug|Any CPU.ActiveCfg = Debug|Any CPU
		{F7C0A4AF-7973-4517-88B6-EF12D91F521E}.Debug|Any CPU.Build.0 = Debug|Any CPU
		{F7C0A4AF-7973-4517-88B6-EF12D91F521E}.Release|Any CPU.ActiveCfg = Release|Any CPU
		{F7C0A4AF-7973-4517-88B6-EF12D91F521E}.Release|Any CPU.Build.0 = Release|Any CPU
	EndGlobalSection
	GlobalSection(SolutionProperties) = preSolution
		HideSolutionNode = FALSE
	EndGlobalSection
	GlobalSection(ExtensibilityGlobals) = postSolution
		SolutionGuid = {4D1E7552-D98A-4BCA-A4E2-BA680BC3BCFC}
	EndGlobalSection
EndGlobal
