
Microsoft Visual Studio Solution File, Format Version 12.00
# Visual Studio Version 17
VisualStudioVersion = 17.14.36310.24 d17.14
MinimumVisualStudioVersion = 10.0.40219.1
Project("{FAE04EC0-301F-11D3-BF4B-00C04F79EFBC}") = "CoreDemo", "CoreDemo\CoreDemo.csproj", "{0515759F-F1C9-4764-9BC6-0B5989F3CA67}"
EndProject
Global
	GlobalSection(SolutionConfigurationPlatforms) = preSolution
		Debug|Any CPU = Debug|Any CPU
		Release|Any CPU = Release|Any CPU
	EndGlobalSection
	GlobalSection(ProjectConfigurationPlatforms) = postSolution
		{0515759F-F1C9-4764-9BC6-0B5989F3CA67}.Debug|Any CPU.ActiveCfg = Debug|Any CPU
		{0515759F-F1C9-4764-9BC6-0B5989F3CA67}.Debug|Any CPU.Build.0 = Debug|Any CPU
		{0515759F-F1C9-4764-9BC6-0B5989F3CA67}.Release|Any CPU.ActiveCfg = Release|Any CPU
		{0515759F-F1C9-4764-9BC6-0B5989F3CA67}.Release|Any CPU.Build.0 = Release|Any CPU
	EndGlobalSection
	GlobalSection(SolutionProperties) = preSolution
		HideSolutionNode = FALSE
	EndGlobalSection
	GlobalSection(ExtensibilityGlobals) = postSolution
		SolutionGuid = {CC32B4E0-AC65-4A91-BA58-15C8776AB3D5}
	EndGlobalSection
EndGlobal
