
Microsoft Visual Studio Solution File, Format Version 12.00
# Visual Studio Version 17
VisualStudioVersion = 17.14.36310.24 d17.14
MinimumVisualStudioVersion = 10.0.40219.1
Project("{FAE04EC0-301F-11D3-BF4B-00C04F79EFBC}") = "ExceptionHandling1", "ExceptionHandling1\ExceptionHandling1.csproj", "{7B5973E8-7D7D-40EC-84C7-B04982B589FE}"
EndProject
Global
	GlobalSection(SolutionConfigurationPlatforms) = preSolution
		Debug|Any CPU = Debug|Any CPU
		Release|Any CPU = Release|Any CPU
	EndGlobalSection
	GlobalSection(ProjectConfigurationPlatforms) = postSolution
		{7B5973E8-7D7D-40EC-84C7-B04982B589FE}.Debug|Any CPU.ActiveCfg = Debug|Any CPU
		{7B5973E8-7D7D-40EC-84C7-B04982B589FE}.Debug|Any CPU.Build.0 = Debug|Any CPU
		{7B5973E8-7D7D-40EC-84C7-B04982B589FE}.Release|Any CPU.ActiveCfg = Release|Any CPU
		{7B5973E8-7D7D-40EC-84C7-B04982B589FE}.Release|Any CPU.Build.0 = Release|Any CPU
	EndGlobalSection
	GlobalSection(SolutionProperties) = preSolution
		HideSolutionNode = FALSE
	EndGlobalSection
	GlobalSection(ExtensibilityGlobals) = postSolution
		SolutionGuid = {D7123647-E0D1-488B-9328-7F828C08A230}
	EndGlobalSection
EndGlobal
